
Microsoft Visual Studio Solution File, Format Version 12.00
# Visual Studio Version 17
VisualStudioVersion = 17.6.33723.286
MinimumVisualStudioVersion = 10.0.40219.1
Project("{FAE04EC0-301F-11D3-BF4B-00C04F79EFBC}") = "SAMCSHW_4", "SAMCSHW_4\SAMCSHW_4.csproj", "{35FD5B81-BBBA-46F3-A0E3-68A35FD2C764}"
EndProject
Global
	GlobalSection(SolutionConfigurationPlatforms) = preSolution
		Debug|Any CPU = Debug|Any CPU
		Release|Any CPU = Release|Any CPU
	EndGlobalSection
	GlobalSection(ProjectConfigurationPlatforms) = postSolution
		{35FD5B81-BBBA-46F3-A0E3-68A35FD2C764}.Debug|Any CPU.ActiveCfg = Debug|Any CPU
		{35FD5B81-BBBA-46F3-A0E3-68A35FD2C764}.Debug|Any CPU.Build.0 = Debug|Any CPU
		{35FD5B81-BBBA-46F3-A0E3-68A35FD2C764}.Release|Any CPU.ActiveCfg = Release|Any CPU
		{35FD5B81-BBBA-46F3-A0E3-68A35FD2C764}.Release|Any CPU.Build.0 = Release|Any CPU
	EndGlobalSection
	GlobalSection(SolutionProperties) = preSolution
		HideSolutionNode = FALSE
	EndGlobalSection
	GlobalSection(ExtensibilityGlobals) = postSolution
		SolutionGuid = {AE084FA6-97B9-4DE4-8A5D-31F470BD161F}
	EndGlobalSection
EndGlobal
